
Microsoft Visual Studio Solution File, Format Version 12.00
# Visual Studio Version 17
VisualStudioVersion = 17.7.34018.315
MinimumVisualStudioVersion = 10.0.40219.1
Project("{FAE04EC0-301F-11D3-BF4B-00C04F79EFBC}") = "DentalSurgeon", "DentalSurgeon\DentalSurgeon.csproj", "{F2274A52-4FC1-4707-BD63-49609CEDC454}"
EndProject
Global
	GlobalSection(SolutionConfigurationPlatforms) = preSolution
		Debug|Any CPU = Debug|Any CPU
		Release|Any CPU = Release|Any CPU
	EndGlobalSection
	GlobalSection(ProjectConfigurationPlatforms) = postSolution
		{F2274A52-4FC1-4707-BD63-49609CEDC454}.Debug|Any CPU.ActiveCfg = Debug|Any CPU
		{F2274A52-4FC1-4707-BD63-49609CEDC454}.Debug|Any CPU.Build.0 = Debug|Any CPU
		{F2274A52-4FC1-4707-BD63-49609CEDC454}.Release|Any CPU.ActiveCfg = Release|Any CPU
		{F2274A52-4FC1-4707-BD63-49609CEDC454}.Release|Any CPU.Build.0 = Release|Any CPU
	EndGlobalSection
	GlobalSection(SolutionProperties) = preSolution
		HideSolutionNode = FALSE
	EndGlobalSection
	GlobalSection(ExtensibilityGlobals) = postSolution
		SolutionGuid = {6AF74E71-257D-4D1E-8793-225FFE618026}
	EndGlobalSection
EndGlobal
